dependencies:
- name: auth
  repository: https://no8ge.github.io/chartrepo
  version: 1.0.1
- name: demo
  repository: https://no8ge.github.io/chartrepo
  version: 1.0.1
- name: files
  repository: https://no8ge.github.io/chartrepo
  version: 1.0.5
- name: tink
  repository: https://no8ge.github.io/chartrepo
  version: 1.0.4
- name: analysis
  repository: https://no8ge.github.io/chartrepo
  version: 1.0.2
digest: sha256:3ec25e6ba63760450b84072a08b05b02692c42ceb40e2c2fa0fda759bb8806ed
generated: "2023-07-06T16:14:24.590311+08:00"
