dependencies:
- name: auth
  repository: https://no8ge.github.io/chartrepo
  version: 1.0.1
- name: demo
  repository: https://no8ge.github.io/chartrepo
  version: 1.0.1
- name: files
  repository: https://no8ge.github.io/chartrepo
  version: 1.0.1
- name: tink
  repository: https://no8ge.github.io/chartrepo
  version: 1.0.2
- name: analysis
  repository: https://no8ge.github.io/chartrepo
  version: 1.0.1
- name: console
  repository: https://no8ge.github.io/chartrepo
  version: 0.1.0
digest: sha256:ddc2c6ce9ffa9faf84ffef84499b0347ddc8bfee0042bc60206103186df887eb
generated: "2022-11-16T23:07:25.543451+08:00"
