dependencies:
- name: files
  repository: oci://registry-1.docker.io/no8ge
  version: 1.0.11
- name: tink
  repository: oci://registry-1.docker.io/no8ge
  version: 1.0.8
- name: analysis
  repository: oci://registry-1.docker.io/no8ge
  version: 1.0.4
- name: core
  repository: oci://registry-1.docker.io/no8ge
  version: 1.0.0
digest: sha256:e228b3fb5a6da194947692809330aa02be1724714222e866393d1d64620d9377
generated: "2024-07-12T16:42:27.729623+08:00"
