dependencies:
- name: files
  repository: oci://registry-1.docker.io/no8ge
  version: 1.0.10
- name: tink
  repository: oci://registry-1.docker.io/no8ge
  version: 1.0.7
- name: analysis
  repository: oci://registry-1.docker.io/no8ge
  version: 1.0.4
- name: core
  repository: oci://registry-1.docker.io/no8ge
  version: 1.0.0
digest: sha256:7059cc1dc36a9a0bc823332871828c2e61a40c19a41cdce5bebaa40191ebfc4d
generated: "2024-07-05T18:44:21.452975+08:00"
