dependencies:
- name: files
  repository: oci://registry-1.docker.io/no8ge
  version: 1.0.10
- name: tink
  repository: oci://registry-1.docker.io/no8ge
  version: 1.0.8
- name: analysis
  repository: oci://registry-1.docker.io/no8ge
  version: 1.0.4
- name: core
  repository: oci://registry-1.docker.io/no8ge
  version: 1.0.0
digest: sha256:22d89df3aee9e6407f318682f8b369c4f8cec5be1ca40437afac020295217c1e
generated: "2024-07-12T09:45:32.624407+08:00"
